
Microsoft Visual Studio Solution File, Format Version 12.00
# Visual Studio 15
VisualStudioVersion = 15.0.28010.2016
MinimumVisualStudioVersion = 10.0.40219.1
Project("{FAE04EC0-301F-11D3-BF4B-00C04F79EFBC}") = "DataEnum", "DataEnum\DataEnum.csproj", "{DF01E662-EA5D-425A-BFE7-5755E1DA47E7}"
EndProject
Project("{FAE04EC0-301F-11D3-BF4B-00C04F79EFBC}") = "DataEnum", "ConsoleApp\DataEnum.csproj", "{63481555-D477-4678-9FC7-841E25B817A3}"
EndProject
Project("{FAE04EC0-301F-11D3-BF4B-00C04F79EFBC}") = "WindowsApp", "WindowsApp\WindowsApp.csproj", "{D09AC505-095E-4973-B1F0-F2BADD55D1D4}"
EndProject
Project("{FAE04EC0-301F-11D3-BF4B-00C04F79EFBC}") = "Tests", "Tests\Tests.csproj", "{5E8CDBD4-B51F-467B-B0E0-BFD46D8F413A}"
	ProjectSection(ProjectDependencies) = postProject
		{D09AC505-095E-4973-B1F0-F2BADD55D1D4} = {D09AC505-095E-4973-B1F0-F2BADD55D1D4}
		{63481555-D477-4678-9FC7-841E25B817A3} = {63481555-D477-4678-9FC7-841E25B817A3}
		{DF01E662-EA5D-425A-BFE7-5755E1DA47E7} = {DF01E662-EA5D-425A-BFE7-5755E1DA47E7}
	EndProjectSection
EndProject
Project("{FAE04EC0-301F-11D3-BF4B-00C04F79EFBC}") = "DataBiTemporal", "DataBiTemporal\DataBiTemporal.csproj", "{F48BE988-5716-4636-8FAD-84F426FD2C0B}"
EndProject
Project("{00D1A9C2-B5F0-4AF3-8072-F6C62B433612}") = "Database", "Database\Database.sqlproj", "{6D5DD7F5-AB77-4AD6-9A26-EDBDBE03026E}"
EndProject
Project("{FAE04EC0-301F-11D3-BF4B-00C04F79EFBC}") = "TestsDatabase", "TestsDatabase\TestsDatabase.csproj", "{85016F01-B36C-4046-AD7C-F4B6F0E17896}"
EndProject
Project("{2150E333-8FDC-42A3-9474-1A3956D46DE8}") = "ConsoleApps", "ConsoleApps", "{66673719-258B-4E1B-958C-1ED06612D0AD}"
EndProject
Project("{FAE04EC0-301F-11D3-BF4B-00C04F79EFBC}") = "BiTemporal", "BiTemporal\BiTemporal.csproj", "{BCBDA3DD-E146-4359-B858-9CE746A106A1}"
EndProject
Project("{2150E333-8FDC-42A3-9474-1A3956D46DE8}") = "DataUpdate", "DataUpdate", "{2C5EFF6F-88F0-4D2E-8436-A9977D4946FC}"
EndProject
Project("{F2A71F9B-5D33-465A-A702-920D77279786}") = "DataUpdateConfiguration", "DataUpdate\DataUpdateConfiguration\DataUpdateConfiguration.fsproj", "{6A758D9B-DA90-4E53-A50D-167D5E7894C8}"
EndProject
Project("{FAE04EC0-301F-11D3-BF4B-00C04F79EFBC}") = "DataUpdateTool", "DataUpdate\DataUpdateTool\DataUpdateTool.csproj", "{71E600A0-1697-4D3A-813B-709ABD3DF6F0}"
EndProject
Global
	GlobalSection(SolutionConfigurationPlatforms) = preSolution
		Debug|Any CPU = Debug|Any CPU
		Release|Any CPU = Release|Any CPU
	EndGlobalSection
	GlobalSection(ProjectConfigurationPlatforms) = postSolution
		{DF01E662-EA5D-425A-BFE7-5755E1DA47E7}.Debug|Any CPU.ActiveCfg = Debug|Any CPU
		{DF01E662-EA5D-425A-BFE7-5755E1DA47E7}.Debug|Any CPU.Build.0 = Debug|Any CPU
		{DF01E662-EA5D-425A-BFE7-5755E1DA47E7}.Release|Any CPU.ActiveCfg = Release|Any CPU
		{DF01E662-EA5D-425A-BFE7-5755E1DA47E7}.Release|Any CPU.Build.0 = Release|Any CPU
		{63481555-D477-4678-9FC7-841E25B817A3}.Debug|Any CPU.ActiveCfg = Debug|Any CPU
		{63481555-D477-4678-9FC7-841E25B817A3}.Debug|Any CPU.Build.0 = Debug|Any CPU
		{63481555-D477-4678-9FC7-841E25B817A3}.Release|Any CPU.ActiveCfg = Release|Any CPU
		{63481555-D477-4678-9FC7-841E25B817A3}.Release|Any CPU.Build.0 = Release|Any CPU
		{D09AC505-095E-4973-B1F0-F2BADD55D1D4}.Debug|Any CPU.ActiveCfg = Debug|Any CPU
		{D09AC505-095E-4973-B1F0-F2BADD55D1D4}.Debug|Any CPU.Build.0 = Debug|Any CPU
		{D09AC505-095E-4973-B1F0-F2BADD55D1D4}.Release|Any CPU.ActiveCfg = Release|Any CPU
		{D09AC505-095E-4973-B1F0-F2BADD55D1D4}.Release|Any CPU.Build.0 = Release|Any CPU
		{5E8CDBD4-B51F-467B-B0E0-BFD46D8F413A}.Debug|Any CPU.ActiveCfg = Debug|Any CPU
		{5E8CDBD4-B51F-467B-B0E0-BFD46D8F413A}.Debug|Any CPU.Build.0 = Debug|Any CPU
		{5E8CDBD4-B51F-467B-B0E0-BFD46D8F413A}.Release|Any CPU.ActiveCfg = Release|Any CPU
		{5E8CDBD4-B51F-467B-B0E0-BFD46D8F413A}.Release|Any CPU.Build.0 = Release|Any CPU
		{F48BE988-5716-4636-8FAD-84F426FD2C0B}.Debug|Any CPU.ActiveCfg = Debug|Any CPU
		{F48BE988-5716-4636-8FAD-84F426FD2C0B}.Debug|Any CPU.Build.0 = Debug|Any CPU
		{F48BE988-5716-4636-8FAD-84F426FD2C0B}.Release|Any CPU.ActiveCfg = Release|Any CPU
		{F48BE988-5716-4636-8FAD-84F426FD2C0B}.Release|Any CPU.Build.0 = Release|Any CPU
		{6D5DD7F5-AB77-4AD6-9A26-EDBDBE03026E}.Debug|Any CPU.ActiveCfg = Debug|Any CPU
		{6D5DD7F5-AB77-4AD6-9A26-EDBDBE03026E}.Debug|Any CPU.Build.0 = Debug|Any CPU
		{6D5DD7F5-AB77-4AD6-9A26-EDBDBE03026E}.Debug|Any CPU.Deploy.0 = Debug|Any CPU
		{6D5DD7F5-AB77-4AD6-9A26-EDBDBE03026E}.Release|Any CPU.ActiveCfg = Release|Any CPU
		{6D5DD7F5-AB77-4AD6-9A26-EDBDBE03026E}.Release|Any CPU.Build.0 = Release|Any CPU
		{6D5DD7F5-AB77-4AD6-9A26-EDBDBE03026E}.Release|Any CPU.Deploy.0 = Release|Any CPU
		{85016F01-B36C-4046-AD7C-F4B6F0E17896}.Debug|Any CPU.ActiveCfg = Debug|Any CPU
		{85016F01-B36C-4046-AD7C-F4B6F0E17896}.Debug|Any CPU.Build.0 = Debug|Any CPU
		{85016F01-B36C-4046-AD7C-F4B6F0E17896}.Release|Any CPU.ActiveCfg = Release|Any CPU
		{85016F01-B36C-4046-AD7C-F4B6F0E17896}.Release|Any CPU.Build.0 = Release|Any CPU
		{BCBDA3DD-E146-4359-B858-9CE746A106A1}.Debug|Any CPU.ActiveCfg = Debug|Any CPU
		{BCBDA3DD-E146-4359-B858-9CE746A106A1}.Debug|Any CPU.Build.0 = Debug|Any CPU
		{BCBDA3DD-E146-4359-B858-9CE746A106A1}.Release|Any CPU.ActiveCfg = Release|Any CPU
		{BCBDA3DD-E146-4359-B858-9CE746A106A1}.Release|Any CPU.Build.0 = Release|Any CPU
		{6A758D9B-DA90-4E53-A50D-167D5E7894C8}.Debug|Any CPU.ActiveCfg = Debug|Any CPU
		{6A758D9B-DA90-4E53-A50D-167D5E7894C8}.Debug|Any CPU.Build.0 = Debug|Any CPU
		{6A758D9B-DA90-4E53-A50D-167D5E7894C8}.Release|Any CPU.ActiveCfg = Release|Any CPU
		{6A758D9B-DA90-4E53-A50D-167D5E7894C8}.Release|Any CPU.Build.0 = Release|Any CPU
		{71E600A0-1697-4D3A-813B-709ABD3DF6F0}.Debug|Any CPU.ActiveCfg = Debug|Any CPU
		{71E600A0-1697-4D3A-813B-709ABD3DF6F0}.Debug|Any CPU.Build.0 = Debug|Any CPU
		{71E600A0-1697-4D3A-813B-709ABD3DF6F0}.Release|Any CPU.ActiveCfg = Release|Any CPU
		{71E600A0-1697-4D3A-813B-709ABD3DF6F0}.Release|Any CPU.Build.0 = Release|Any CPU
	EndGlobalSection
	GlobalSection(SolutionProperties) = preSolution
		HideSolutionNode = FALSE
	EndGlobalSection
	GlobalSection(NestedProjects) = preSolution
		{63481555-D477-4678-9FC7-841E25B817A3} = {66673719-258B-4E1B-958C-1ED06612D0AD}
		{BCBDA3DD-E146-4359-B858-9CE746A106A1} = {66673719-258B-4E1B-958C-1ED06612D0AD}
		{6A758D9B-DA90-4E53-A50D-167D5E7894C8} = {2C5EFF6F-88F0-4D2E-8436-A9977D4946FC}
		{71E600A0-1697-4D3A-813B-709ABD3DF6F0} = {2C5EFF6F-88F0-4D2E-8436-A9977D4946FC}
	EndGlobalSection
	GlobalSection(ExtensibilityGlobals) = postSolution
		SolutionGuid = {3F72D72E-447B-419C-9494-E39EF92C989D}
	EndGlobalSection
EndGlobal
